
Microsoft Visual Studio Solution File, Format Version 12.00
# Visual Studio Version 17
VisualStudioVersion = 17.13.35818.85
MinimumVisualStudioVersion = 10.0.40219.1
Project("{FAE04EC0-301F-11D3-BF4B-00C04F79EFBC}") = "02 - Baza", "С#2\02 - Baza.csproj", "{F30CBBA2-BE10-4146-939A-0196365B6314}"
EndProject
Project("{FAE04EC0-301F-11D3-BF4B-00C04F79EFBC}") = "03 - Baza", "C#3\03 - Baza.csproj", "{B8B4966B-8F53-4936-81F4-AE73D7ADE756}"
EndProject
Project("{FAE04EC0-301F-11D3-BF4B-00C04F79EFBC}") = "03 - Praktika", "C#3 praktika\03 - Praktika.csproj", "{F861A5EE-3011-4582-94E7-F77404C22FFC}"
EndProject
Project("{FAE04EC0-301F-11D3-BF4B-00C04F79EFBC}") = "03 - Praktika2", "C#3 praktika2 massive\03 - Praktika2.csproj", "{AB065867-E7E9-4B19-A795-23E2264C1F4A}"
EndProject
Project("{FAE04EC0-301F-11D3-BF4B-00C04F79EFBC}") = "04 - Collections", "C#4 Collekcii\04 - Collections.csproj", "{3C481D27-A873-464C-B0A1-BE920F987548}"
EndProject
Project("{FAE04EC0-301F-11D3-BF4B-00C04F79EFBC}") = "04 - Mnozhestva", "C#4 mnozhestva\04 - Mnozhestva.csproj", "{A524D985-62D3-41EA-AD22-AFAEEAC7FE47}"
EndProject
Project("{FAE04EC0-301F-11D3-BF4B-00C04F79EFBC}") = "04 - Stack", "С#4 Stack\04 - Stack.csproj", "{630121AA-1E04-4334-9DC7-99959F81E4FB}"
EndProject
Project("{FAE04EC0-301F-11D3-BF4B-00C04F79EFBC}") = "05 - Slovar", "C# Slovar\05 - Slovar.csproj", "{E834BF5E-8CDE-4448-B760-F279609EFEC6}"
EndProject
Project("{FAE04EC0-301F-11D3-BF4B-00C04F79EFBC}") = "04 - Praktika", "C#4 praktika\04 - Praktika.csproj", "{E8202A92-AE10-49A7-A66C-A02781ED2F5E}"
EndProject
Project("{FAE04EC0-301F-11D3-BF4B-00C04F79EFBC}") = "05 - Lyambda", "C#5 lyambda\05 - Lyambda.csproj", "{4546A13D-03C7-41F7-A241-DDEA9A5A10B3}"
EndProject
Project("{FAE04EC0-301F-11D3-BF4B-00C04F79EFBC}") = "05 - Praktika", "C#5 praktika\05 - Praktika.csproj", "{78DAD105-FB14-48C9-9564-B7B3712713D7}"
EndProject
Project("{FAE04EC0-301F-11D3-BF4B-00C04F79EFBC}") = "06 - XML", "С#6 xml\06 - XML.csproj", "{0ACDAFD8-B3D5-4E19-B8F3-5829B9AB765C}"
EndProject
Project("{FAE04EC0-301F-11D3-BF4B-00C04F79EFBC}") = "07 - SQL", "C#7 SQL\07 - SQL.csproj", "{2D2A3407-5A9B-4A59-92CE-232C3EACD950}"
EndProject
Project("{FAE04EC0-301F-11D3-BF4B-00C04F79EFBC}") = "07 - SQL2", "C#7 SQL2\07 - SQL2.csproj", "{98DF7CAD-8E29-442F-A97F-597FD294FF4F}"
EndProject
Project("{2150E333-8FDC-42A3-9474-1A3956D46DE8}") = "Homework", "Homework", "{7E432D8F-0A0D-4A5B-BF6F-87566338CBC6}"
EndProject
Project("{FAE04EC0-301F-11D3-BF4B-00C04F79EFBC}") = "69 - Homework", "Homework\69 - Homework\69 - Homework.csproj", "{90752D39-320D-4C37-B4A3-38FCB0CA52B6}"
EndProject
Project("{FAE04EC0-301F-11D3-BF4B-00C04F79EFBC}") = "70 - Homework", "Homework\70 - Homework\70 - Homework.csproj", "{47AF33ED-E044-4151-921B-A07476755B13}"
EndProject
Project("{FAE04EC0-301F-11D3-BF4B-00C04F79EFBC}") = "71.1 - Homework", "Homework\71 - Homework\71.1 - Homework.csproj", "{5C537A68-B997-44EE-BEA0-379D9B2D5115}"
EndProject
Project("{FAE04EC0-301F-11D3-BF4B-00C04F79EFBC}") = "71.2 - Homework", "Homework\71.2 - Homework\71.2 - Homework.csproj", "{FBAE78F2-9BED-4720-97F0-392AF1AD8F40}"
EndProject
Project("{FAE04EC0-301F-11D3-BF4B-00C04F79EFBC}") = "72 - Homework LINQ", "Homework\72 - Homework LINQ\72 - Homework LINQ.csproj", "{3E31025F-F267-434B-A5BB-1D896E36C974}"
EndProject
Project("{FAE04EC0-301F-11D3-BF4B-00C04F79EFBC}") = "73 - Homework XML", "Homework\73 - Homework XML\73 - Homework XML\73 - Homework XML.csproj", "{A2884034-A2F4-4A98-8976-9CF5D56DE07F}"
EndProject
Project("{FAE04EC0-301F-11D3-BF4B-00C04F79EFBC}") = "08 - SQL2", "08 - SQL2\08 - SQL2.csproj", "{6F8ADCB8-0EB3-4A80-A31C-A569C0D49394}"
EndProject
Project("{FAE04EC0-301F-11D3-BF4B-00C04F79EFBC}") = "09 - OOP namespace", "09 - OOP\09 - OOP namespace.csproj", "{046E5FEE-4AD9-4DDC-A658-B1AB97E69B08}"
EndProject
Project("{FAE04EC0-301F-11D3-BF4B-00C04F79EFBC}") = "09 - OOP class", "09 - OOP class\09 - OOP class.csproj", "{DD7E96EC-5DBC-4470-910C-31F59A2DD8C5}"
EndProject
Project("{FAE04EC0-301F-11D3-BF4B-00C04F79EFBC}") = "10 - Class", "10 - Class\10 - Class.csproj", "{FDC7ABC9-4DFB-43FF-B99D-FDE197A4929B}"
EndProject
Project("{FAE04EC0-301F-11D3-BF4B-00C04F79EFBC}") = "10 - Class Exmpl", "10 - Class Exmpl\10 - Class Exmpl.csproj", "{EA8589BD-A75C-449D-A0DC-2EA63183FD31}"
EndProject
Project("{FAE04EC0-301F-11D3-BF4B-00C04F79EFBC}") = "11 - Classes Task", "11 - Classes Task\11 - Classes Task.csproj", "{68622567-2A82-4EA7-9A42-438ED4113779}"
EndProject
Project("{FAE04EC0-301F-11D3-BF4B-00C04F79EFBC}") = "12 - Garbage Col", "12 - Garbage Col\12 - Garbage Col.csproj", "{E6D38AC6-1790-498B-BBB9-0243535F9CF4}"
EndProject
Global
	GlobalSection(SolutionConfigurationPlatforms) = preSolution
		Debug|Any CPU = Debug|Any CPU
		Release|Any CPU = Release|Any CPU
	EndGlobalSection
	GlobalSection(ProjectConfigurationPlatforms) = postSolution
		{F30CBBA2-BE10-4146-939A-0196365B6314}.Debug|Any CPU.ActiveCfg = Debug|Any CPU
		{F30CBBA2-BE10-4146-939A-0196365B6314}.Debug|Any CPU.Build.0 = Debug|Any CPU
		{F30CBBA2-BE10-4146-939A-0196365B6314}.Release|Any CPU.ActiveCfg = Release|Any CPU
		{F30CBBA2-BE10-4146-939A-0196365B6314}.Release|Any CPU.Build.0 = Release|Any CPU
		{B8B4966B-8F53-4936-81F4-AE73D7ADE756}.Debug|Any CPU.ActiveCfg = Debug|Any CPU
		{B8B4966B-8F53-4936-81F4-AE73D7ADE756}.Debug|Any CPU.Build.0 = Debug|Any CPU
		{B8B4966B-8F53-4936-81F4-AE73D7ADE756}.Release|Any CPU.ActiveCfg = Release|Any CPU
		{B8B4966B-8F53-4936-81F4-AE73D7ADE756}.Release|Any CPU.Build.0 = Release|Any CPU
		{F861A5EE-3011-4582-94E7-F77404C22FFC}.Debug|Any CPU.ActiveCfg = Debug|Any CPU
		{F861A5EE-3011-4582-94E7-F77404C22FFC}.Debug|Any CPU.Build.0 = Debug|Any CPU
		{F861A5EE-3011-4582-94E7-F77404C22FFC}.Release|Any CPU.ActiveCfg = Release|Any CPU
		{F861A5EE-3011-4582-94E7-F77404C22FFC}.Release|Any CPU.Build.0 = Release|Any CPU
		{AB065867-E7E9-4B19-A795-23E2264C1F4A}.Debug|Any CPU.ActiveCfg = Debug|Any CPU
		{AB065867-E7E9-4B19-A795-23E2264C1F4A}.Debug|Any CPU.Build.0 = Debug|Any CPU
		{AB065867-E7E9-4B19-A795-23E2264C1F4A}.Release|Any CPU.ActiveCfg = Release|Any CPU
		{AB065867-E7E9-4B19-A795-23E2264C1F4A}.Release|Any CPU.Build.0 = Release|Any CPU
		{3C481D27-A873-464C-B0A1-BE920F987548}.Debug|Any CPU.ActiveCfg = Debug|Any CPU
		{3C481D27-A873-464C-B0A1-BE920F987548}.Debug|Any CPU.Build.0 = Debug|Any CPU
		{3C481D27-A873-464C-B0A1-BE920F987548}.Release|Any CPU.ActiveCfg = Release|Any CPU
		{3C481D27-A873-464C-B0A1-BE920F987548}.Release|Any CPU.Build.0 = Release|Any CPU
		{A524D985-62D3-41EA-AD22-AFAEEAC7FE47}.Debug|Any CPU.ActiveCfg = Debug|Any CPU
		{A524D985-62D3-41EA-AD22-AFAEEAC7FE47}.Debug|Any CPU.Build.0 = Debug|Any CPU
		{A524D985-62D3-41EA-AD22-AFAEEAC7FE47}.Release|Any CPU.ActiveCfg = Release|Any CPU
		{A524D985-62D3-41EA-AD22-AFAEEAC7FE47}.Release|Any CPU.Build.0 = Release|Any CPU
		{630121AA-1E04-4334-9DC7-99959F81E4FB}.Debug|Any CPU.ActiveCfg = Debug|Any CPU
		{630121AA-1E04-4334-9DC7-99959F81E4FB}.Debug|Any CPU.Build.0 = Debug|Any CPU
		{630121AA-1E04-4334-9DC7-99959F81E4FB}.Release|Any CPU.ActiveCfg = Release|Any CPU
		{630121AA-1E04-4334-9DC7-99959F81E4FB}.Release|Any CPU.Build.0 = Release|Any CPU
		{E834BF5E-8CDE-4448-B760-F279609EFEC6}.Debug|Any CPU.ActiveCfg = Debug|Any CPU
		{E834BF5E-8CDE-4448-B760-F279609EFEC6}.Debug|Any CPU.Build.0 = Debug|Any CPU
		{E834BF5E-8CDE-4448-B760-F279609EFEC6}.Release|Any CPU.ActiveCfg = Release|Any CPU
		{E834BF5E-8CDE-4448-B760-F279609EFEC6}.Release|Any CPU.Build.0 = Release|Any CPU
		{E8202A92-AE10-49A7-A66C-A02781ED2F5E}.Debug|Any CPU.ActiveCfg = Debug|Any CPU
		{E8202A92-AE10-49A7-A66C-A02781ED2F5E}.Debug|Any CPU.Build.0 = Debug|Any CPU
		{E8202A92-AE10-49A7-A66C-A02781ED2F5E}.Release|Any CPU.ActiveCfg = Release|Any CPU
		{E8202A92-AE10-49A7-A66C-A02781ED2F5E}.Release|Any CPU.Build.0 = Release|Any CPU
		{4546A13D-03C7-41F7-A241-DDEA9A5A10B3}.Debug|Any CPU.ActiveCfg = Debug|Any CPU
		{4546A13D-03C7-41F7-A241-DDEA9A5A10B3}.Debug|Any CPU.Build.0 = Debug|Any CPU
		{4546A13D-03C7-41F7-A241-DDEA9A5A10B3}.Release|Any CPU.ActiveCfg = Release|Any CPU
		{4546A13D-03C7-41F7-A241-DDEA9A5A10B3}.Release|Any CPU.Build.0 = Release|Any CPU
		{78DAD105-FB14-48C9-9564-B7B3712713D7}.Debug|Any CPU.ActiveCfg = Debug|Any CPU
		{78DAD105-FB14-48C9-9564-B7B3712713D7}.Debug|Any CPU.Build.0 = Debug|Any CPU
		{78DAD105-FB14-48C9-9564-B7B3712713D7}.Release|Any CPU.ActiveCfg = Release|Any CPU
		{78DAD105-FB14-48C9-9564-B7B3712713D7}.Release|Any CPU.Build.0 = Release|Any CPU
		{0ACDAFD8-B3D5-4E19-B8F3-5829B9AB765C}.Debug|Any CPU.ActiveCfg = Debug|Any CPU
		{0ACDAFD8-B3D5-4E19-B8F3-5829B9AB765C}.Debug|Any CPU.Build.0 = Debug|Any CPU
		{0ACDAFD8-B3D5-4E19-B8F3-5829B9AB765C}.Release|Any CPU.ActiveCfg = Release|Any CPU
		{0ACDAFD8-B3D5-4E19-B8F3-5829B9AB765C}.Release|Any CPU.Build.0 = Release|Any CPU
		{2D2A3407-5A9B-4A59-92CE-232C3EACD950}.Debug|Any CPU.ActiveCfg = Debug|Any CPU
		{2D2A3407-5A9B-4A59-92CE-232C3EACD950}.Debug|Any CPU.Build.0 = Debug|Any CPU
		{2D2A3407-5A9B-4A59-92CE-232C3EACD950}.Release|Any CPU.ActiveCfg = Release|Any CPU
		{2D2A3407-5A9B-4A59-92CE-232C3EACD950}.Release|Any CPU.Build.0 = Release|Any CPU
		{98DF7CAD-8E29-442F-A97F-597FD294FF4F}.Debug|Any CPU.ActiveCfg = Debug|Any CPU
		{98DF7CAD-8E29-442F-A97F-597FD294FF4F}.Debug|Any CPU.Build.0 = Debug|Any CPU
		{98DF7CAD-8E29-442F-A97F-597FD294FF4F}.Release|Any CPU.ActiveCfg = Release|Any CPU
		{98DF7CAD-8E29-442F-A97F-597FD294FF4F}.Release|Any CPU.Build.0 = Release|Any CPU
		{90752D39-320D-4C37-B4A3-38FCB0CA52B6}.Debug|Any CPU.ActiveCfg = Debug|Any CPU
		{90752D39-320D-4C37-B4A3-38FCB0CA52B6}.Debug|Any CPU.Build.0 = Debug|Any CPU
		{90752D39-320D-4C37-B4A3-38FCB0CA52B6}.Release|Any CPU.ActiveCfg = Release|Any CPU
		{90752D39-320D-4C37-B4A3-38FCB0CA52B6}.Release|Any CPU.Build.0 = Release|Any CPU
		{47AF33ED-E044-4151-921B-A07476755B13}.Debug|Any CPU.ActiveCfg = Debug|Any CPU
		{47AF33ED-E044-4151-921B-A07476755B13}.Debug|Any CPU.Build.0 = Debug|Any CPU
		{47AF33ED-E044-4151-921B-A07476755B13}.Release|Any CPU.ActiveCfg = Release|Any CPU
		{47AF33ED-E044-4151-921B-A07476755B13}.Release|Any CPU.Build.0 = Release|Any CPU
		{5C537A68-B997-44EE-BEA0-379D9B2D5115}.Debug|Any CPU.ActiveCfg = Debug|Any CPU
		{5C537A68-B997-44EE-BEA0-379D9B2D5115}.Debug|Any CPU.Build.0 = Debug|Any CPU
		{5C537A68-B997-44EE-BEA0-379D9B2D5115}.Release|Any CPU.ActiveCfg = Release|Any CPU
		{5C537A68-B997-44EE-BEA0-379D9B2D5115}.Release|Any CPU.Build.0 = Release|Any CPU
		{FBAE78F2-9BED-4720-97F0-392AF1AD8F40}.Debug|Any CPU.ActiveCfg = Debug|Any CPU
		{FBAE78F2-9BED-4720-97F0-392AF1AD8F40}.Debug|Any CPU.Build.0 = Debug|Any CPU
		{FBAE78F2-9BED-4720-97F0-392AF1AD8F40}.Release|Any CPU.ActiveCfg = Release|Any CPU
		{FBAE78F2-9BED-4720-97F0-392AF1AD8F40}.Release|Any CPU.Build.0 = Release|Any CPU
		{3E31025F-F267-434B-A5BB-1D896E36C974}.Debug|Any CPU.ActiveCfg = Debug|Any CPU
		{3E31025F-F267-434B-A5BB-1D896E36C974}.Debug|Any CPU.Build.0 = Debug|Any CPU
		{3E31025F-F267-434B-A5BB-1D896E36C974}.Release|Any CPU.ActiveCfg = Release|Any CPU
		{3E31025F-F267-434B-A5BB-1D896E36C974}.Release|Any CPU.Build.0 = Release|Any CPU
		{A2884034-A2F4-4A98-8976-9CF5D56DE07F}.Debug|Any CPU.ActiveCfg = Debug|Any CPU
		{A2884034-A2F4-4A98-8976-9CF5D56DE07F}.Debug|Any CPU.Build.0 = Debug|Any CPU
		{A2884034-A2F4-4A98-8976-9CF5D56DE07F}.Release|Any CPU.ActiveCfg = Release|Any CPU
		{A2884034-A2F4-4A98-8976-9CF5D56DE07F}.Release|Any CPU.Build.0 = Release|Any CPU
		{6F8ADCB8-0EB3-4A80-A31C-A569C0D49394}.Debug|Any CPU.ActiveCfg = Debug|Any CPU
		{6F8ADCB8-0EB3-4A80-A31C-A569C0D49394}.Debug|Any CPU.Build.0 = Debug|Any CPU
		{6F8ADCB8-0EB3-4A80-A31C-A569C0D49394}.Release|Any CPU.ActiveCfg = Release|Any CPU
		{6F8ADCB8-0EB3-4A80-A31C-A569C0D49394}.Release|Any CPU.Build.0 = Release|Any CPU
		{046E5FEE-4AD9-4DDC-A658-B1AB97E69B08}.Debug|Any CPU.ActiveCfg = Debug|Any CPU
		{046E5FEE-4AD9-4DDC-A658-B1AB97E69B08}.Debug|Any CPU.Build.0 = Debug|Any CPU
		{046E5FEE-4AD9-4DDC-A658-B1AB97E69B08}.Release|Any CPU.ActiveCfg = Release|Any CPU
		{046E5FEE-4AD9-4DDC-A658-B1AB97E69B08}.Release|Any CPU.Build.0 = Release|Any CPU
		{DD7E96EC-5DBC-4470-910C-31F59A2DD8C5}.Debug|Any CPU.ActiveCfg = Debug|Any CPU
		{DD7E96EC-5DBC-4470-910C-31F59A2DD8C5}.Debug|Any CPU.Build.0 = Debug|Any CPU
		{DD7E96EC-5DBC-4470-910C-31F59A2DD8C5}.Release|Any CPU.ActiveCfg = Release|Any CPU
		{DD7E96EC-5DBC-4470-910C-31F59A2DD8C5}.Release|Any CPU.Build.0 = Release|Any CPU
		{FDC7ABC9-4DFB-43FF-B99D-FDE197A4929B}.Debug|Any CPU.ActiveCfg = Debug|Any CPU
		{FDC7ABC9-4DFB-43FF-B99D-FDE197A4929B}.Debug|Any CPU.Build.0 = Debug|Any CPU
		{FDC7ABC9-4DFB-43FF-B99D-FDE197A4929B}.Release|Any CPU.ActiveCfg = Release|Any CPU
		{FDC7ABC9-4DFB-43FF-B99D-FDE197A4929B}.Release|Any CPU.Build.0 = Release|Any CPU
		{EA8589BD-A75C-449D-A0DC-2EA63183FD31}.Debug|Any CPU.ActiveCfg = Debug|Any CPU
		{EA8589BD-A75C-449D-A0DC-2EA63183FD31}.Debug|Any CPU.Build.0 = Debug|Any CPU
		{EA8589BD-A75C-449D-A0DC-2EA63183FD31}.Release|Any CPU.ActiveCfg = Release|Any CPU
		{EA8589BD-A75C-449D-A0DC-2EA63183FD31}.Release|Any CPU.Build.0 = Release|Any CPU
		{68622567-2A82-4EA7-9A42-438ED4113779}.Debug|Any CPU.ActiveCfg = Debug|Any CPU
		{68622567-2A82-4EA7-9A42-438ED4113779}.Debug|Any CPU.Build.0 = Debug|Any CPU
		{68622567-2A82-4EA7-9A42-438ED4113779}.Release|Any CPU.ActiveCfg = Release|Any CPU
		{68622567-2A82-4EA7-9A42-438ED4113779}.Release|Any CPU.Build.0 = Release|Any CPU
		{E6D38AC6-1790-498B-BBB9-0243535F9CF4}.Debug|Any CPU.ActiveCfg = Debug|Any CPU
		{E6D38AC6-1790-498B-BBB9-0243535F9CF4}.Debug|Any CPU.Build.0 = Debug|Any CPU
		{E6D38AC6-1790-498B-BBB9-0243535F9CF4}.Release|Any CPU.ActiveCfg = Release|Any CPU
		{E6D38AC6-1790-498B-BBB9-0243535F9CF4}.Release|Any CPU.Build.0 = Release|Any CPU
	EndGlobalSection
	GlobalSection(SolutionProperties) = preSolution
		HideSolutionNode = FALSE
	EndGlobalSection
	GlobalSection(NestedProjects) = preSolution
		{90752D39-320D-4C37-B4A3-38FCB0CA52B6} = {7E432D8F-0A0D-4A5B-BF6F-87566338CBC6}
		{47AF33ED-E044-4151-921B-A07476755B13} = {7E432D8F-0A0D-4A5B-BF6F-87566338CBC6}
		{5C537A68-B997-44EE-BEA0-379D9B2D5115} = {7E432D8F-0A0D-4A5B-BF6F-87566338CBC6}
		{FBAE78F2-9BED-4720-97F0-392AF1AD8F40} = {7E432D8F-0A0D-4A5B-BF6F-87566338CBC6}
		{3E31025F-F267-434B-A5BB-1D896E36C974} = {7E432D8F-0A0D-4A5B-BF6F-87566338CBC6}
		{A2884034-A2F4-4A98-8976-9CF5D56DE07F} = {7E432D8F-0A0D-4A5B-BF6F-87566338CBC6}
	EndGlobalSection
	GlobalSection(ExtensibilityGlobals) = postSolution
		SolutionGuid = {39D57FC5-092D-4EB6-9B2A-9596C698DD0A}
	EndGlobalSection
EndGlobal
